// !$*UTF8*$!
{
	archiveVersion = 1;
	classes = {
	};
	objectVersion = 55;
	objects = {

/* Begin PBXBuildFile section */
		2258602A2DF85E2D0024E3E8 /* EnimiesEntity.swift in Sources */ = {isa = PBXBuildFile; fileRef = 225860292DF85E2D0024E3E8 /* EnimiesEntity.swift */; };
		2258602C2DF85E3D0024E3E8 /* TrapEntity.swift in Sources */ = {isa = PBXBuildFile; fileRef = 2258602B2DF85E3D0024E3E8 /* TrapEntity.swift */; };
		225860302DF85E650024E3E8 /* DinoSEntity.swift in Sources */ = {isa = PBXBuildFile; fileRef = 2258602F2DF85E650024E3E8 /* DinoSEntity.swift */; };
		225860322DF85E760024E3E8 /* ItensEntity.swift in Sources */ = {isa = PBXBuildFile; fileRef = 225860312DF85E760024E3E8 /* ItensEntity.swift */; };
		225860342DF85EA50024E3E8 /* SnakeEntity.swift in Sources */ = {isa = PBXBuildFile; fileRef = 225860332DF85EA50024E3E8 /* SnakeEntity.swift */; };
		225860362DF85EC00024E3E8 /* GroundEntity.swift in Sources */ = {isa = PBXBuildFile; fileRef = 225860352DF85EC00024E3E8 /* GroundEntity.swift */; };
		225860382DF85EE20024E3E8 /* SceneEntity.swift in Sources */ = {isa = PBXBuildFile; fileRef = 225860372DF85EE20024E3E8 /* SceneEntity.swift */; };
		2258603B2DF85F0C0024E3E8 /* ProjectTilesComponent.swift in Sources */ = {isa = PBXBuildFile; fileRef = 2258603A2DF85F0C0024E3E8 /* ProjectTilesComponent.swift */; };
		2258603D2DF85F1F0024E3E8 /* CollisionComponent.swift in Sources */ = {isa = PBXBuildFile; fileRef = 2258603C2DF85F1F0024E3E8 /* CollisionComponent.swift */; };
		2258603F2DF85F2D0024E3E8 /* DropComponent.swift in Sources */ = {isa = PBXBuildFile; fileRef = 2258603E2DF85F2D0024E3E8 /* DropComponent.swift */; };
		225860412DF85F3B0024E3E8 /* UpdateComponent.swift in Sources */ = {isa = PBXBuildFile; fileRef = 225860402DF85F3B0024E3E8 /* UpdateComponent.swift */; };
		225860432DF85F520024E3E8 /* PlayerInputComponent.swift in Sources */ = {isa = PBXBuildFile; fileRef = 225860422DF85F520024E3E8 /* PlayerInputComponent.swift */; };
		225860452DF85F690024E3E8 /* MovementComponent.swift in Sources */ = {isa = PBXBuildFile; fileRef = 225860442DF85F690024E3E8 /* MovementComponent.swift */; };
		225860472DF85F840024E3E8 /* TextComponent.swift in Sources */ = {isa = PBXBuildFile; fileRef = 225860462DF85F840024E3E8 /* TextComponent.swift */; };
		225860492DF85F970024E3E8 /* HUDComponent.swift in Sources */ = {isa = PBXBuildFile; fileRef = 225860482DF85F970024E3E8 /* HUDComponent.swift */; };
		2258604B2DF85FA60024E3E8 /* SkillsComponent.swift in Sources */ = {isa = PBXBuildFile; fileRef = 2258604A2DF85FA60024E3E8 /* SkillsComponent.swift */; };
		2258604D2DF85FB80024E3E8 /* SpeakComponent.swift in Sources */ = {isa = PBXBuildFile; fileRef = 2258604C2DF85FB80024E3E8 /* SpeakComponent.swift */; };
		2258604F2DF85FC90024E3E8 /* LifeComponent.swift in Sources */ = {isa = PBXBuildFile; fileRef = 2258604E2DF85FC90024E3E8 /* LifeComponent.swift */; };
		225860512DF85FDE0024E3E8 /* AnimationComponent.swift in Sources */ = {isa = PBXBuildFile; fileRef = 225860502DF85FDE0024E3E8 /* AnimationComponent.swift */; };
		225860532DF85FEB0024E3E8 /* BuyComponent.swift in Sources */ = {isa = PBXBuildFile; fileRef = 225860522DF85FEB0024E3E8 /* BuyComponent.swift */; };
		225860552DF85FFF0024E3E8 /* PhysicsComponent.swift in Sources */ = {isa = PBXBuildFile; fileRef = 225860542DF85FFF0024E3E8 /* PhysicsComponent.swift */; };
		225860572DF860190024E3E8 /* LightComponent.swift in Sources */ = {isa = PBXBuildFile; fileRef = 225860562DF860190024E3E8 /* LightComponent.swift */; };
		2258605A2DF860730024E3E8 /* SKTexture+Array.swift in Sources */ = {isa = PBXBuildFile; fileRef = 225860592DF860730024E3E8 /* SKTexture+Array.swift */; };
		2258605C2DF860970024E3E8 /* SKTileMapNode.swift in Sources */ = {isa = PBXBuildFile; fileRef = 2258605B2DF860970024E3E8 /* SKTileMapNode.swift */; };
		2C3BA4AB2E0ACCF9008A30F3 /* PhysicsCategory.swift in Sources */ = {isa = PBXBuildFile; fileRef = 2C3BA4AA2E0ACCF9008A30F3 /* PhysicsCategory.swift */; };
		2C3BA4AD2E0ACD88008A30F3 /* JumpComponent.swift in Sources */ = {isa = PBXBuildFile; fileRef = 2C3BA4AC2E0ACD88008A30F3 /* JumpComponent.swift */; };
		2C6CF7532DE4B65700771D67 /* AppDelegate.swift in Sources */ = {isa = PBXBuildFile; fileRef = 2C6CF7522DE4B65700771D67 /* AppDelegate.swift */; };
		2C6CF7552DE4B65700771D67 /* GameViewController.swift in Sources */ = {isa = PBXBuildFile; fileRef = 2C6CF7542DE4B65700771D67 /* GameViewController.swift */; };
		2C6CF7582DE4B65700771D67 /* Main.storyboard in Resources */ = {isa = PBXBuildFile; fileRef = 2C6CF7562DE4B65700771D67 /* Main.storyboard */; };
		2C6CF75B2DE4B65700771D67 /* LaunchScreen.storyboard in Resources */ = {isa = PBXBuildFile; fileRef = 2C6CF7592DE4B65700771D67 /* LaunchScreen.storyboard */; };
		2C6CF78B2DE4B65700771D67 /* AppDelegate.swift in Sources */ = {isa = PBXBuildFile; fileRef = 2C6CF78A2DE4B65700771D67 /* AppDelegate.swift */; };
		2C6CF78D2DE4B65700771D67 /* GameViewController.swift in Sources */ = {isa = PBXBuildFile; fileRef = 2C6CF78C2DE4B65700771D67 /* GameViewController.swift */; };
		2C6CF7902DE4B65700771D67 /* Main.storyboard in Resources */ = {isa = PBXBuildFile; fileRef = 2C6CF78E2DE4B65700771D67 /* Main.storyboard */; };
		2C6CF7992DE4B65800771D67 /* GameScene.swift in Sources */ = {isa = PBXBuildFile; fileRef = 2C6CF7492DE4B65200771D67 /* GameScene.swift */; };
		2C6CF79C2DE4B65800771D67 /* GameScene.swift in Sources */ = {isa = PBXBuildFile; fileRef = 2C6CF7492DE4B65200771D67 /* GameScene.swift */; };
		2C8C1DD42DF9D392005603D6 /* SKEntityManager.swift in Sources */ = {isa = PBXBuildFile; fileRef = 2C8C1DD32DF9D392005603D6 /* SKEntityManager.swift */; };
		2C8C1DD52DF9D392005603D6 /* SKEntityManager.swift in Sources */ = {isa = PBXBuildFile; fileRef = 2C8C1DD32DF9D392005603D6 /* SKEntityManager.swift */; };
		2C8C1DD72DFB19F7005603D6 /* PlayerEntity.swift in Sources */ = {isa = PBXBuildFile; fileRef = 2C8C1DD62DFB19F7005603D6 /* PlayerEntity.swift */; };
		2C8C1DD82DFB19F7005603D6 /* PlayerEntity.swift in Sources */ = {isa = PBXBuildFile; fileRef = 2C8C1DD62DFB19F7005603D6 /* PlayerEntity.swift */; };
		2C8C1DDA2E01965D005603D6 /* Scene1.sks in Resources */ = {isa = PBXBuildFile; fileRef = 2C8C1DD92E01965D005603D6 /* Scene1.sks */; };
		2C8C1DDB2E01965D005603D6 /* Scene1.sks in Resources */ = {isa = PBXBuildFile; fileRef = 2C8C1DD92E01965D005603D6 /* Scene1.sks */; };
		ADB27F252E0D86EB004922C6 /* Death.mp3 in Resources */ = {isa = PBXBuildFile; fileRef = ADB27F242E0D86EB004922C6 /* Death.mp3 */; };
		ADB27F262E0D86EB004922C6 /* Death.mp3 in Resources */ = {isa = PBXBuildFile; fileRef = ADB27F242E0D86EB004922C6 /* Death.mp3 */; };
		ADC032892E0DC28B00907073 /* SceneTile.sks in Resources */ = {isa = PBXBuildFile; fileRef = ADC032882E0DC28A00907073 /* SceneTile.sks */; };
		ADC0328A2E0DC28B00907073 /* SceneTile.sks in Resources */ = {isa = PBXBuildFile; fileRef = ADC032882E0DC28A00907073 /* SceneTile.sks */; };
		ADC0328C2E0DCA7600907073 /* Assets.xcassets in Resources */ = {isa = PBXBuildFile; fileRef = ADC0328B2E0DCA7500907073 /* Assets.xcassets */; };
		ADC0328D2E0DCA7600907073 /* Assets.xcassets in Resources */ = {isa = PBXBuildFile; fileRef = ADC0328B2E0DCA7500907073 /* Assets.xcassets */; };
/* End PBXBuildFile section */

/* Begin PBXCopyFilesBuildPhase section */
		2C6CF7AA2DE4B65800771D67 /* Embed Watch Content */ = {
			isa = PBXCopyFilesBuildPhase;
			buildActionMask = 2147483647;
			dstPath = "$(CONTENTS_FOLDER_PATH)/Watch";
			dstSubfolderSpec = 16;
			files = (
			);
			name = "Embed Watch Content";
			runOnlyForDeploymentPostprocessing = 0;
		};
/* End PBXCopyFilesBuildPhase section */

/* Begin PBXFileReference section */
		225860292DF85E2D0024E3E8 /* EnimiesEntity.swift */ = {isa = PBXFileReference; lastKnownFileType = sourcecode.swift; path = EnimiesEntity.swift; sourceTree = "<group>"; };
		2258602B2DF85E3D0024E3E8 /* TrapEntity.swift */ = {isa = PBXFileReference; lastKnownFileType = sourcecode.swift; path = TrapEntity.swift; sourceTree = "<group>"; };
		2258602F2DF85E650024E3E8 /* DinoSEntity.swift */ = {isa = PBXFileReference; lastKnownFileType = sourcecode.swift; path = DinoSEntity.swift; sourceTree = "<group>"; };
		225860312DF85E760024E3E8 /* ItensEntity.swift */ = {isa = PBXFileReference; lastKnownFileType = sourcecode.swift; path = ItensEntity.swift; sourceTree = "<group>"; };
		225860332DF85EA50024E3E8 /* SnakeEntity.swift */ = {isa = PBXFileReference; lastKnownFileType = sourcecode.swift; path = SnakeEntity.swift; sourceTree = "<group>"; };
		225860352DF85EC00024E3E8 /* GroundEntity.swift */ = {isa = PBXFileReference; lastKnownFileType = sourcecode.swift; path = GroundEntity.swift; sourceTree = "<group>"; };
		225860372DF85EE20024E3E8 /* SceneEntity.swift */ = {isa = PBXFileReference; lastKnownFileType = sourcecode.swift; path = SceneEntity.swift; sourceTree = "<group>"; };
		2258603A2DF85F0C0024E3E8 /* ProjectTilesComponent.swift */ = {isa = PBXFileReference; lastKnownFileType = sourcecode.swift; path = ProjectTilesComponent.swift; sourceTree = "<group>"; };
		2258603C2DF85F1F0024E3E8 /* CollisionComponent.swift */ = {isa = PBXFileReference; lastKnownFileType = sourcecode.swift; path = CollisionComponent.swift; sourceTree = "<group>"; };
		2258603E2DF85F2D0024E3E8 /* DropComponent.swift */ = {isa = PBXFileReference; lastKnownFileType = sourcecode.swift; path = DropComponent.swift; sourceTree = "<group>"; };
		225860402DF85F3B0024E3E8 /* UpdateComponent.swift */ = {isa = PBXFileReference; lastKnownFileType = sourcecode.swift; path = UpdateComponent.swift; sourceTree = "<group>"; };
		225860422DF85F520024E3E8 /* PlayerInputComponent.swift */ = {isa = PBXFileReference; lastKnownFileType = sourcecode.swift; path = PlayerInputComponent.swift; sourceTree = "<group>"; };
		225860442DF85F690024E3E8 /* MovementComponent.swift */ = {isa = PBXFileReference; lastKnownFileType = sourcecode.swift; path = MovementComponent.swift; sourceTree = "<group>"; };
		225860462DF85F840024E3E8 /* TextComponent.swift */ = {isa = PBXFileReference; lastKnownFileType = sourcecode.swift; path = TextComponent.swift; sourceTree = "<group>"; };
		225860482DF85F970024E3E8 /* HUDComponent.swift */ = {isa = PBXFileReference; lastKnownFileType = sourcecode.swift; path = HUDComponent.swift; sourceTree = "<group>"; };
		2258604A2DF85FA60024E3E8 /* SkillsComponent.swift */ = {isa = PBXFileReference; lastKnownFileType = sourcecode.swift; path = SkillsComponent.swift; sourceTree = "<group>"; };
		2258604C2DF85FB80024E3E8 /* SpeakComponent.swift */ = {isa = PBXFileReference; lastKnownFileType = sourcecode.swift; path = SpeakComponent.swift; sourceTree = "<group>"; };
		2258604E2DF85FC90024E3E8 /* LifeComponent.swift */ = {isa = PBXFileReference; lastKnownFileType = sourcecode.swift; path = LifeComponent.swift; sourceTree = "<group>"; };
		225860502DF85FDE0024E3E8 /* AnimationComponent.swift */ = {isa = PBXFileReference; lastKnownFileType = sourcecode.swift; path = AnimationComponent.swift; sourceTree = "<group>"; };
		225860522DF85FEB0024E3E8 /* BuyComponent.swift */ = {isa = PBXFileReference; lastKnownFileType = sourcecode.swift; path = BuyComponent.swift; sourceTree = "<group>"; };
		225860542DF85FFF0024E3E8 /* PhysicsComponent.swift */ = {isa = PBXFileReference; lastKnownFileType = sourcecode.swift; path = PhysicsComponent.swift; sourceTree = "<group>"; };
		225860562DF860190024E3E8 /* LightComponent.swift */ = {isa = PBXFileReference; lastKnownFileType = sourcecode.swift; path = LightComponent.swift; sourceTree = "<group>"; };
		225860592DF860730024E3E8 /* SKTexture+Array.swift */ = {isa = PBXFileReference; lastKnownFileType = sourcecode.swift; path = "SKTexture+Array.swift"; sourceTree = "<group>"; };
		2258605B2DF860970024E3E8 /* SKTileMapNode.swift */ = {isa = PBXFileReference; lastKnownFileType = sourcecode.swift; path = SKTileMapNode.swift; sourceTree = "<group>"; };
		2C3BA4AA2E0ACCF9008A30F3 /* PhysicsCategory.swift */ = {isa = PBXFileReference; lastKnownFileType = sourcecode.swift; path = PhysicsCategory.swift; sourceTree = "<group>"; };
		2C3BA4AC2E0ACD88008A30F3 /* JumpComponent.swift */ = {isa = PBXFileReference; lastKnownFileType = sourcecode.swift; path = JumpComponent.swift; sourceTree = "<group>"; };
		2C6CF7492DE4B65200771D67 /* GameScene.swift */ = {isa = PBXFileReference; lastKnownFileType = sourcecode.swift; path = GameScene.swift; sourceTree = "<group>"; };
		2C6CF74F2DE4B65700771D67 /* Capi.app */ = {isa = PBXFileReference; explicitFileType = wrapper.application; includeInIndex = 0; path = Capi.app; sourceTree = BUILT_PRODUCTS_DIR; };
		2C6CF7522DE4B65700771D67 /* AppDelegate.swift */ = {isa = PBXFileReference; lastKnownFileType = sourcecode.swift; path = AppDelegate.swift; sourceTree = "<group>"; };
		2C6CF7542DE4B65700771D67 /* GameViewController.swift */ = {isa = PBXFileReference; lastKnownFileType = sourcecode.swift; path = GameViewController.swift; sourceTree = "<group>"; };
		2C6CF7572DE4B65700771D67 /* Base */ = {isa = PBXFileReference; lastKnownFileType = file.storyboard; name = Base; path = Base.lproj/Main.storyboard; sourceTree = "<group>"; };
		2C6CF75A2DE4B65700771D67 /* Base */ = {isa = PBXFileReference; lastKnownFileType = file.storyboard; name = Base; path = Base.lproj/LaunchScreen.storyboard; sourceTree = "<group>"; };
		2C6CF7882DE4B65700771D67 /* Capi.app */ = {isa = PBXFileReference; explicitFileType = wrapper.application; includeInIndex = 0; path = Capi.app; sourceTree = BUILT_PRODUCTS_DIR; };
		2C6CF78A2DE4B65700771D67 /* AppDelegate.swift */ = {isa = PBXFileReference; lastKnownFileType = sourcecode.swift; path = AppDelegate.swift; sourceTree = "<group>"; };
		2C6CF78C2DE4B65700771D67 /* GameViewController.swift */ = {isa = PBXFileReference; lastKnownFileType = sourcecode.swift; path = GameViewController.swift; sourceTree = "<group>"; };
		2C6CF78F2DE4B65700771D67 /* Base */ = {isa = PBXFileReference; lastKnownFileType = file.storyboard; name = Base; path = Base.lproj/Main.storyboard; sourceTree = "<group>"; };
		2C6CF7912DE4B65800771D67 /* Capi_macOS.entitlements */ = {isa = PBXFileReference; lastKnownFileType = text.plist.entitlements; path = Capi_macOS.entitlements; sourceTree = "<group>"; };
		2C8C1DD32DF9D392005603D6 /* SKEntityManager.swift */ = {isa = PBXFileReference; lastKnownFileType = sourcecode.swift; path = SKEntityManager.swift; sourceTree = "<group>"; };
		2C8C1DD62DFB19F7005603D6 /* PlayerEntity.swift */ = {isa = PBXFileReference; lastKnownFileType = sourcecode.swift; path = PlayerEntity.swift; sourceTree = "<group>"; };
		2C8C1DD92E01965D005603D6 /* Scene1.sks */ = {isa = PBXFileReference; lastKnownFileType = file.sks; path = Scene1.sks; sourceTree = "<group>"; };
		ADB27F242E0D86EB004922C6 /* Death.mp3 */ = {isa = PBXFileReference; lastKnownFileType = audio.mp3; path = Death.mp3; sourceTree = "<group>"; };
		ADC032882E0DC28A00907073 /* SceneTile.sks */ = {isa = PBXFileReference; lastKnownFileType = file.sks; path = SceneTile.sks; sourceTree = "<group>"; };
		ADC0328B2E0DCA7500907073 /* Assets.xcassets */ = {isa = PBXFileReference; lastKnownFileType = folder.assetcatalog; path = Assets.xcassets; sourceTree = "<group>"; };
/* End PBXFileReference section */

/* Begin PBXFrameworksBuildPhase section */
		2C6CF74C2DE4B65700771D67 /* Frameworks */ = {
			isa = PBXFrameworksBuildPhase;
			buildActionMask = 2147483647;
			files = (
			);
			runOnlyForDeploymentPostprocessing = 0;
		};
		2C6CF7852DE4B65700771D67 /* Frameworks */ = {
			isa = PBXFrameworksBuildPhase;
			buildActionMask = 2147483647;
			files = (
			);
			runOnlyForDeploymentPostprocessing = 0;
		};
/* End PBXFrameworksBuildPhase section */

/* Begin PBXGroup section */
		225860282DF85E170024E3E8 /* Entities */ = {
			isa = PBXGroup;
			children = (
				225860292DF85E2D0024E3E8 /* EnimiesEntity.swift */,
				2258602B2DF85E3D0024E3E8 /* TrapEntity.swift */,
				2258602F2DF85E650024E3E8 /* DinoSEntity.swift */,
				225860312DF85E760024E3E8 /* ItensEntity.swift */,
				225860332DF85EA50024E3E8 /* SnakeEntity.swift */,
				225860352DF85EC00024E3E8 /* GroundEntity.swift */,
				225860372DF85EE20024E3E8 /* SceneEntity.swift */,
				2C8C1DD32DF9D392005603D6 /* SKEntityManager.swift */,
				2C8C1DD62DFB19F7005603D6 /* PlayerEntity.swift */,
			);
			name = Entities;
			sourceTree = "<group>";
		};
		225860392DF85EED0024E3E8 /* Components */ = {
			isa = PBXGroup;
			children = (
				2258603A2DF85F0C0024E3E8 /* ProjectTilesComponent.swift */,
				2258603C2DF85F1F0024E3E8 /* CollisionComponent.swift */,
				2258603E2DF85F2D0024E3E8 /* DropComponent.swift */,
				225860402DF85F3B0024E3E8 /* UpdateComponent.swift */,
				225860422DF85F520024E3E8 /* PlayerInputComponent.swift */,
				225860442DF85F690024E3E8 /* MovementComponent.swift */,
				225860462DF85F840024E3E8 /* TextComponent.swift */,
				225860482DF85F970024E3E8 /* HUDComponent.swift */,
				2258604A2DF85FA60024E3E8 /* SkillsComponent.swift */,
				2258604C2DF85FB80024E3E8 /* SpeakComponent.swift */,
				2258604E2DF85FC90024E3E8 /* LifeComponent.swift */,
				225860502DF85FDE0024E3E8 /* AnimationComponent.swift */,
				225860522DF85FEB0024E3E8 /* BuyComponent.swift */,
				225860542DF85FFF0024E3E8 /* PhysicsComponent.swift */,
				225860562DF860190024E3E8 /* LightComponent.swift */,
				2C3BA4AC2E0ACD88008A30F3 /* JumpComponent.swift */,
			);
			name = Components;
			sourceTree = "<group>";
		};
		225860582DF860490024E3E8 /* Tools */ = {
			isa = PBXGroup;
			children = (
				225860592DF860730024E3E8 /* SKTexture+Array.swift */,
				2258605B2DF860970024E3E8 /* SKTileMapNode.swift */,
				2C3BA4AA2E0ACCF9008A30F3 /* PhysicsCategory.swift */,
			);
			name = Tools;
			sourceTree = "<group>";
		};
		2258605D2DF860A40024E3E8 /* Scene */ = {
			isa = PBXGroup;
			children = (
				ADC032882E0DC28A00907073 /* SceneTile.sks */,
				2C8C1DD92E01965D005603D6 /* Scene1.sks */,
			);
			name = Scene;
			sourceTree = "<group>";
		};
		2C6CF7412DE4B65200771D67 = {
			isa = PBXGroup;
			children = (
				2258605D2DF860A40024E3E8 /* Scene */,
				225860582DF860490024E3E8 /* Tools */,
				225860392DF85EED0024E3E8 /* Components */,
				225860282DF85E170024E3E8 /* Entities */,
				2C6CF7462DE4B65200771D67 /* Capi Shared */,
				2C6CF7512DE4B65700771D67 /* Capi iOS */,
				2C6CF7892DE4B65700771D67 /* Capi macOS */,
				2C6CF7502DE4B65700771D67 /* Products */,
			);
			sourceTree = "<group>";
		};
		2C6CF7462DE4B65200771D67 /* Capi Shared */ = {
			isa = PBXGroup;
			children = (
				2C6CF78A2DE4B65700771D67 /* AppDelegate.swift */,
				2C6CF7492DE4B65200771D67 /* GameScene.swift */,
				ADC0328B2E0DCA7500907073 /* Assets.xcassets */,
				ADB27F202E0D7C4F004922C6 /* Sounds */,
			);
			path = "Capi Shared";
			sourceTree = "<group>";
		};
		2C6CF7502DE4B65700771D67 /* Products */ = {
			isa = PBXGroup;
			children = (
				2C6CF74F2DE4B65700771D67 /* Capi.app */,
				2C6CF7882DE4B65700771D67 /* Capi.app */,
			);
			name = Products;
			sourceTree = "<group>";
		};
		2C6CF7512DE4B65700771D67 /* Capi iOS */ = {
			isa = PBXGroup;
			children = (
				2C6CF7522DE4B65700771D67 /* AppDelegate.swift */,
				2C6CF7542DE4B65700771D67 /* GameViewController.swift */,
				2C6CF7562DE4B65700771D67 /* Main.storyboard */,
				2C6CF7592DE4B65700771D67 /* LaunchScreen.storyboard */,
			);
			path = "Capi iOS";
			sourceTree = "<group>";
		};
		2C6CF7892DE4B65700771D67 /* Capi macOS */ = {
			isa = PBXGroup;
			children = (
				2C6CF78C2DE4B65700771D67 /* GameViewController.swift */,
				2C6CF78E2DE4B65700771D67 /* Main.storyboard */,
				2C6CF7912DE4B65800771D67 /* Capi_macOS.entitlements */,
			);
			path = "Capi macOS";
			sourceTree = "<group>";
		};
		ADB27F202E0D7C4F004922C6 /* Sounds */ = {
			isa = PBXGroup;
			children = (
				ADB27F242E0D86EB004922C6 /* Death.mp3 */,
			);
			path = Sounds;
			sourceTree = "<group>";
		};
/* End PBXGroup section */

/* Begin PBXNativeTarget section */
		2C6CF74E2DE4B65700771D67 /* Capi iOS */ = {
			isa = PBXNativeTarget;
			buildConfigurationList = 2C6CF7AB2DE4B65800771D67 /* Build configuration list for PBXNativeTarget "Capi iOS" */;
			buildPhases = (
				2C6CF74B2DE4B65700771D67 /* Sources */,
				2C6CF74C2DE4B65700771D67 /* Frameworks */,
				2C6CF74D2DE4B65700771D67 /* Resources */,
				2C6CF7AA2DE4B65800771D67 /* Embed Watch Content */,
			);
			buildRules = (
			);
			dependencies = (
			);
			name = "Capi iOS";
			productName = "Capi iOS";
			productReference = 2C6CF74F2DE4B65700771D67 /* Capi.app */;
			productType = "com.apple.product-type.application";
		};
		2C6CF7872DE4B65700771D67 /* Capi macOS */ = {
			isa = PBXNativeTarget;
			buildConfigurationList = 2C6CF7B12DE4B65800771D67 /* Build configuration list for PBXNativeTarget "Capi macOS" */;
			buildPhases = (
				2C6CF7842DE4B65700771D67 /* Sources */,
				2C6CF7852DE4B65700771D67 /* Frameworks */,
				2C6CF7862DE4B65700771D67 /* Resources */,
			);
			buildRules = (
			);
			dependencies = (
			);
			name = "Capi macOS";
			productName = "Capi macOS";
			productReference = 2C6CF7882DE4B65700771D67 /* Capi.app */;
			productType = "com.apple.product-type.application";
		};
/* End PBXNativeTarget section */

/* Begin PBXProject section */
		2C6CF7422DE4B65200771D67 /* Project object */ = {
			isa = PBXProject;
			attributes = {
				BuildIndependentTargetsInParallel = 1;
				LastSwiftUpdateCheck = 1320;
				LastUpgradeCheck = 1320;
				TargetAttributes = {
					2C6CF74E2DE4B65700771D67 = {
						CreatedOnToolsVersion = 13.2;
					};
					2C6CF7872DE4B65700771D67 = {
						CreatedOnToolsVersion = 13.2;
					};
				};
			};
			buildConfigurationList = 2C6CF7452DE4B65200771D67 /* Build configuration list for PBXProject "Capi" */;
			compatibilityVersion = "Xcode 13.0";
			developmentRegion = en;
			hasScannedForEncodings = 0;
			knownRegions = (
				en,
				Base,
			);
			mainGroup = 2C6CF7412DE4B65200771D67;
			productRefGroup = 2C6CF7502DE4B65700771D67 /* Products */;
			projectDirPath = "";
			projectRoot = "";
			targets = (
				2C6CF74E2DE4B65700771D67 /* Capi iOS */,
				2C6CF7872DE4B65700771D67 /* Capi macOS */,
			);
		};
/* End PBXProject section */

/* Begin PBXResourcesBuildPhase section */
		2C6CF74D2DE4B65700771D67 /* Resources */ = {
			isa = PBXResourcesBuildPhase;
			buildActionMask = 2147483647;
			files = (
				2C6CF7582DE4B65700771D67 /* Main.storyboard in Resources */,
				2C6CF75B2DE4B65700771D67 /* LaunchScreen.storyboard in Resources */,
				ADC032892E0DC28B00907073 /* SceneTile.sks in Resources */,
				2C8C1DDA2E01965D005603D6 /* Scene1.sks in Resources */,
				ADC0328C2E0DCA7600907073 /* Assets.xcassets in Resources */,
				ADB27F252E0D86EB004922C6 /* Death.mp3 in Resources */,
			);
			runOnlyForDeploymentPostprocessing = 0;
		};
		2C6CF7862DE4B65700771D67 /* Resources */ = {
			isa = PBXResourcesBuildPhase;
			buildActionMask = 2147483647;
			files = (
				2C8C1DDB2E01965D005603D6 /* Scene1.sks in Resources */,
				2C6CF7902DE4B65700771D67 /* Main.storyboard in Resources */,
				ADC0328A2E0DC28B00907073 /* SceneTile.sks in Resources */,
				ADB27F262E0D86EB004922C6 /* Death.mp3 in Resources */,
				ADC0328D2E0DCA7600907073 /* Assets.xcassets in Resources */,
			);
			runOnlyForDeploymentPostprocessing = 0;
		};
/* End PBXResourcesBuildPhase section */

/* Begin PBXSourcesBuildPhase section */
		2C6CF74B2DE4B65700771D67 /* Sources */ = {
			isa = PBXSourcesBuildPhase;
			buildActionMask = 2147483647;
			files = (
				225860532DF85FEB0024E3E8 /* BuyComponent.swift in Sources */,
				2C8C1DD72DFB19F7005603D6 /* PlayerEntity.swift in Sources */,
				225860512DF85FDE0024E3E8 /* AnimationComponent.swift in Sources */,
				2C3BA4AD2E0ACD88008A30F3 /* JumpComponent.swift in Sources */,
				2258605C2DF860970024E3E8 /* SKTileMapNode.swift in Sources */,
				225860382DF85EE20024E3E8 /* SceneEntity.swift in Sources */,
				2258604B2DF85FA60024E3E8 /* SkillsComponent.swift in Sources */,
				2C6CF7992DE4B65800771D67 /* GameScene.swift in Sources */,
				2258603D2DF85F1F0024E3E8 /* CollisionComponent.swift in Sources */,
				2258602A2DF85E2D0024E3E8 /* EnimiesEntity.swift in Sources */,
				2C8C1DD42DF9D392005603D6 /* SKEntityManager.swift in Sources */,
				225860552DF85FFF0024E3E8 /* PhysicsComponent.swift in Sources */,
				225860492DF85F970024E3E8 /* HUDComponent.swift in Sources */,
				225860342DF85EA50024E3E8 /* SnakeEntity.swift in Sources */,
				2258604F2DF85FC90024E3E8 /* LifeComponent.swift in Sources */,
				225860432DF85F520024E3E8 /* PlayerInputComponent.swift in Sources */,
				225860362DF85EC00024E3E8 /* GroundEntity.swift in Sources */,
				2258603F2DF85F2D0024E3E8 /* DropComponent.swift in Sources */,
				2C6CF7552DE4B65700771D67 /* GameViewController.swift in Sources */,
				225860302DF85E650024E3E8 /* DinoSEntity.swift in Sources */,
				225860452DF85F690024E3E8 /* MovementComponent.swift in Sources */,
				225860322DF85E760024E3E8 /* ItensEntity.swift in Sources */,
				225860472DF85F840024E3E8 /* TextComponent.swift in Sources */,
				2258603B2DF85F0C0024E3E8 /* ProjectTilesComponent.swift in Sources */,
				225860412DF85F3B0024E3E8 /* UpdateComponent.swift in Sources */,
				225860572DF860190024E3E8 /* LightComponent.swift in Sources */,
				2258604D2DF85FB80024E3E8 /* SpeakComponent.swift in Sources */,
				2258605A2DF860730024E3E8 /* SKTexture+Array.swift in Sources */,
				2C3BA4AB2E0ACCF9008A30F3 /* PhysicsCategory.swift in Sources */,
				2258602C2DF85E3D0024E3E8 /* TrapEntity.swift in Sources */,
				2C6CF7532DE4B65700771D67 /* AppDelegate.swift in Sources */,
			);
			runOnlyForDeploymentPostprocessing = 0;
		};
		2C6CF7842DE4B65700771D67 /* Sources */ = {
			isa = PBXSourcesBuildPhase;
			buildActionMask = 2147483647;
			files = (
				2C8C1DD82DFB19F7005603D6 /* PlayerEntity.swift in Sources */,
				2C6CF79C2DE4B65800771D67 /* GameScene.swift in Sources */,
				2C6CF78D2DE4B65700771D67 /* GameViewController.swift in Sources */,
				2C8C1DD52DF9D392005603D6 /* SKEntityManager.swift in Sources */,
				2C6CF78B2DE4B65700771D67 /* AppDelegate.swift in Sources */,
			);
			runOnlyForDeploymentPostprocessing = 0;
		};
/* End PBXSourcesBuildPhase section */

/* Begin PBXVariantGroup section */
		2C6CF7562DE4B65700771D67 /* Main.storyboard */ = {
			isa = PBXVariantGroup;
			children = (
				2C6CF7572DE4B65700771D67 /* Base */,
			);
			name = Main.storyboard;
			sourceTree = "<group>";
		};
		2C6CF7592DE4B65700771D67 /* LaunchScreen.storyboard */ = {
			isa = PBXVariantGroup;
			children = (
				2C6CF75A2DE4B65700771D67 /* Base */,
			);
			name = LaunchScreen.storyboard;
			sourceTree = "<group>";
		};
		2C6CF78E2DE4B65700771D67 /* Main.storyboard */ = {
			isa = PBXVariantGroup;
			children = (
				2C6CF78F2DE4B65700771D67 /* Base */,
			);
			name = Main.storyboard;
			sourceTree = "<group>";
		};
/* End PBXVariantGroup section */

/* Begin XCBuildConfiguration section */
		2C6CF7A12DE4B65800771D67 /* Debug */ = {
			isa = XCBuildConfiguration;
			buildSettings = {
				ALWAYS_SEARCH_USER_PATHS = NO;
				CLANG_ANALYZER_NONNULL = YES;
				CLANG_ANALYZER_NUMBER_OBJECT_CONVERSION = YES_AGGRESSIVE;
				CLANG_CXX_LANGUAGE_STANDARD = "gnu++17";
				CLANG_CXX_LIBRARY = "libc++";
				CLANG_ENABLE_MODULES = YES;
				CLANG_ENABLE_OBJC_ARC = YES;
				CLANG_ENABLE_OBJC_WEAK = YES;
				CLANG_WARN_BLOCK_CAPTURE_AUTORELEASING = YES;
				CLANG_WARN_BOOL_CONVERSION = YES;
				CLANG_WARN_COMMA = YES;
				CLANG_WARN_CONSTANT_CONVERSION = YES;
				CLANG_WARN_DEPRECATED_OBJC_IMPLEMENTATIONS = YES;
				CLANG_WARN_DIRECT_OBJC_ISA_USAGE = YES_ERROR;
				CLANG_WARN_DOCUMENTATION_COMMENTS = YES;
				CLANG_WARN_EMPTY_BODY = YES;
				CLANG_WARN_ENUM_CONVERSION = YES;
				CLANG_WARN_INFINITE_RECURSION = YES;
				CLANG_WARN_INT_CONVERSION = YES;
				CLANG_WARN_NON_LITERAL_NULL_CONVERSION = YES;
				CLANG_WARN_OBJC_IMPLICIT_RETAIN_SELF = YES;
				CLANG_WARN_OBJC_LITERAL_CONVERSION = YES;
				CLANG_WARN_OBJC_ROOT_CLASS = YES_ERROR;
				CLANG_WARN_QUOTED_INCLUDE_IN_FRAMEWORK_HEADER = YES;
				CLANG_WARN_RANGE_LOOP_ANALYSIS = YES;
				CLANG_WARN_STRICT_PROTOTYPES = YES;
				CLANG_WARN_SUSPICIOUS_MOVE = YES;
				CLANG_WARN_UNGUARDED_AVAILABILITY = YES_AGGRESSIVE;
				CLANG_WARN_UNREACHABLE_CODE = YES;
				CLANG_WARN__DUPLICATE_METHOD_MATCH = YES;
				COPY_PHASE_STRIP = NO;
				DEBUG_INFORMATION_FORMAT = dwarf;
				ENABLE_STRICT_OBJC_MSGSEND = YES;
				ENABLE_TESTABILITY = YES;
				GCC_C_LANGUAGE_STANDARD = gnu11;
				GCC_DYNAMIC_NO_PIC = NO;
				GCC_NO_COMMON_BLOCKS = YES;
				GCC_OPTIMIZATION_LEVEL = 0;
				GCC_PREPROCESSOR_DEFINITIONS = (
					"DEBUG=1",
					"$(inherited)",
				);
				GCC_WARN_64_TO_32_BIT_CONVERSION = YES;
				GCC_WARN_ABOUT_RETURN_TYPE = YES_ERROR;
				GCC_WARN_UNDECLARED_SELECTOR = YES;
				GCC_WARN_UNINITIALIZED_AUTOS = YES_AGGRESSIVE;
				GCC_WARN_UNUSED_FUNCTION = YES;
				GCC_WARN_UNUSED_VARIABLE = YES;
				MTL_ENABLE_DEBUG_INFO = INCLUDE_SOURCE;
				MTL_FAST_MATH = YES;
				ONLY_ACTIVE_ARCH = YES;
				SWIFT_ACTIVE_COMPILATION_CONDITIONS = DEBUG;
				SWIFT_OPTIMIZATION_LEVEL = "-Onone";
			};
			name = Debug;
		};
		2C6CF7A22DE4B65800771D67 /* Release */ = {
			isa = XCBuildConfiguration;
			buildSettings = {
				ALWAYS_SEARCH_USER_PATHS = NO;
				CLANG_ANALYZER_NONNULL = YES;
				CLANG_ANALYZER_NUMBER_OBJECT_CONVERSION = YES_AGGRESSIVE;
				CLANG_CXX_LANGUAGE_STANDARD = "gnu++17";
				CLANG_CXX_LIBRARY = "libc++";
				CLANG_ENABLE_MODULES = YES;
				CLANG_ENABLE_OBJC_ARC = YES;
				CLANG_ENABLE_OBJC_WEAK = YES;
				CLANG_WARN_BLOCK_CAPTURE_AUTORELEASING = YES;
				CLANG_WARN_BOOL_CONVERSION = YES;
				CLANG_WARN_COMMA = YES;
				CLANG_WARN_CONSTANT_CONVERSION = YES;
				CLANG_WARN_DEPRECATED_OBJC_IMPLEMENTATIONS = YES;
				CLANG_WARN_DIRECT_OBJC_ISA_USAGE = YES_ERROR;
				CLANG_WARN_DOCUMENTATION_COMMENTS = YES;
				CLANG_WARN_EMPTY_BODY = YES;
				CLANG_WARN_ENUM_CONVERSION = YES;
				CLANG_WARN_INFINITE_RECURSION = YES;
				CLANG_WARN_INT_CONVERSION = YES;
				CLANG_WARN_NON_LITERAL_NULL_CONVERSION = YES;
				CLANG_WARN_OBJC_IMPLICIT_RETAIN_SELF = YES;
				CLANG_WARN_OBJC_LITERAL_CONVERSION = YES;
				CLANG_WARN_OBJC_ROOT_CLASS = YES_ERROR;
				CLANG_WARN_QUOTED_INCLUDE_IN_FRAMEWORK_HEADER = YES;
				CLANG_WARN_RANGE_LOOP_ANALYSIS = YES;
				CLANG_WARN_STRICT_PROTOTYPES = YES;
				CLANG_WARN_SUSPICIOUS_MOVE = YES;
				CLANG_WARN_UNGUARDED_AVAILABILITY = YES_AGGRESSIVE;
				CLANG_WARN_UNREACHABLE_CODE = YES;
				CLANG_WARN__DUPLICATE_METHOD_MATCH = YES;
				COPY_PHASE_STRIP = NO;
				DEBUG_INFORMATION_FORMAT = "dwarf-with-dsym";
				ENABLE_NS_ASSERTIONS = NO;
				ENABLE_STRICT_OBJC_MSGSEND = YES;
				GCC_C_LANGUAGE_STANDARD = gnu11;
				GCC_NO_COMMON_BLOCKS = YES;
				GCC_WARN_64_TO_32_BIT_CONVERSION = YES;
				GCC_WARN_ABOUT_RETURN_TYPE = YES_ERROR;
				GCC_WARN_UNDECLARED_SELECTOR = YES;
				GCC_WARN_UNINITIALIZED_AUTOS = YES_AGGRESSIVE;
				GCC_WARN_UNUSED_FUNCTION = YES;
				GCC_WARN_UNUSED_VARIABLE = YES;
				MTL_ENABLE_DEBUG_INFO = NO;
				MTL_FAST_MATH = YES;
				SWIFT_COMPILATION_MODE = wholemodule;
				SWIFT_OPTIMIZATION_LEVEL = "-O";
			};
			name = Release;
		};
		2C6CF7AC2DE4B65800771D67 /* Debug */ = {
			isa = XCBuildConfiguration;
			buildSettings = {
				ASSETCATALOG_COMPILER_APPICON_NAME = AppIcon;
				ASSETCATALOG_COMPILER_GLOBAL_ACCENT_COLOR_NAME = AccentColor;
				CODE_SIGN_STYLE = Automatic;
				CURRENT_PROJECT_VERSION = 1;
				DEVELOPMENT_TEAM = ZTK9F54WV3;
				GENERATE_INFOPLIST_FILE = YES;
				INFOPLIST_KEY_UIApplicationSupportsIndirectInputEvents = YES;
				INFOPLIST_KEY_UILaunchStoryboardName = LaunchScreen;
				INFOPLIST_KEY_UIMainStoryboardFile = Main;
				INFOPLIST_KEY_UIStatusBarHidden = YES;
				INFOPLIST_KEY_UISupportedInterfaceOrientations_iPad = "UIInterfaceOrientationPortrait UIInterfaceOrientationPortraitUpsideDown UIInterfaceOrientationLandscapeLeft UIInterfaceOrientationLandscapeRight";
				INFOPLIST_KEY_UISupportedInterfaceOrientations_iPhone = "UIInterfaceOrientationPortrait UIInterfaceOrientationLandscapeLeft UIInterfaceOrientationLandscapeRight";
				IPHONEOS_DEPLOYMENT_TARGET = 15.2;
				LD_RUNPATH_SEARCH_PATHS = (
					"$(inherited)",
					"@executable_path/Frameworks",
				);
				MARKETING_VERSION = 1.0;
				PRODUCT_BUNDLE_IDENTIFIER = vidal.Capi;
				PRODUCT_NAME = Capi;
				SDKROOT = iphoneos;
				SWIFT_EMIT_LOC_STRINGS = YES;
				SWIFT_VERSION = 5.0;
				TARGETED_DEVICE_FAMILY = "1,2";
			};
			name = Debug;
		};
		2C6CF7AD2DE4B65800771D67 /* Release */ = {
			isa = XCBuildConfiguration;
			buildSettings = {
				ASSETCATALOG_COMPILER_APPICON_NAME = AppIcon;
				ASSETCATALOG_COMPILER_GLOBAL_ACCENT_COLOR_NAME = AccentColor;
				CODE_SIGN_STYLE = Automatic;
				CURRENT_PROJECT_VERSION = 1;
				DEVELOPMENT_TEAM = ZTK9F54WV3;
				GENERATE_INFOPLIST_FILE = YES;
				INFOPLIST_KEY_UIApplicationSupportsIndirectInputEvents = YES;
				INFOPLIST_KEY_UILaunchStoryboardName = LaunchScreen;
				INFOPLIST_KEY_UIMainStoryboardFile = Main;
				INFOPLIST_KEY_UIStatusBarHidden = YES;
				INFOPLIST_KEY_UISupportedInterfaceOrientations_iPad = "UIInterfaceOrientationPortrait UIInterfaceOrientationPortraitUpsideDown UIInterfaceOrientationLandscapeLeft UIInterfaceOrientationLandscapeRight";
				INFOPLIST_KEY_UISupportedInterfaceOrientations_iPhone = "UIInterfaceOrientationPortrait UIInterfaceOrientationLandscapeLeft UIInterfaceOrientationLandscapeRight";
				IPHONEOS_DEPLOYMENT_TARGET = 15.2;
				LD_RUNPATH_SEARCH_PATHS = (
					"$(inherited)",
					"@executable_path/Frameworks",
				);
				MARKETING_VERSION = 1.0;
				PRODUCT_BUNDLE_IDENTIFIER = vidal.Capi;
				PRODUCT_NAME = Capi;
				SDKROOT = iphoneos;
				SWIFT_EMIT_LOC_STRINGS = YES;
				SWIFT_VERSION = 5.0;
				TARGETED_DEVICE_FAMILY = "1,2";
				VALIDATE_PRODUCT = YES;
			};
			name = Release;
		};
		2C6CF7B22DE4B65800771D67 /* Debug */ = {
			isa = XCBuildConfiguration;
			buildSettings = {
				ASSETCATALOG_COMPILER_APPICON_NAME = AppIcon;
				ASSETCATALOG_COMPILER_GLOBAL_ACCENT_COLOR_NAME = AccentColor;
				CODE_SIGN_ENTITLEMENTS = "Capi macOS/Capi_macOS.entitlements";
				CODE_SIGN_STYLE = Automatic;
				COMBINE_HIDPI_IMAGES = YES;
				CURRENT_PROJECT_VERSION = 1;
				GENERATE_INFOPLIST_FILE = YES;
				INFOPLIST_KEY_NSHumanReadableCopyright = "";
				INFOPLIST_KEY_NSMainStoryboardFile = Main;
				INFOPLIST_KEY_NSPrincipalClass = NSApplication;
				LD_RUNPATH_SEARCH_PATHS = (
					"$(inherited)",
					"@executable_path/../Frameworks",
				);
				MACOSX_DEPLOYMENT_TARGET = 11.7;
				MARKETING_VERSION = 1.0;
				PRODUCT_BUNDLE_IDENTIFIER = vidal.Capi;
				PRODUCT_NAME = Capi;
				SDKROOT = macosx;
				SWIFT_EMIT_LOC_STRINGS = YES;
				SWIFT_VERSION = 5.0;
			};
			name = Debug;
		};
		2C6CF7B32DE4B65800771D67 /* Release */ = {
			isa = XCBuildConfiguration;
			buildSettings = {
				ASSETCATALOG_COMPILER_APPICON_NAME = AppIcon;
				ASSETCATALOG_COMPILER_GLOBAL_ACCENT_COLOR_NAME = AccentColor;
				CODE_SIGN_ENTITLEMENTS = "Capi macOS/Capi_macOS.entitlements";
				CODE_SIGN_STYLE = Automatic;
				COMBINE_HIDPI_IMAGES = YES;
				CURRENT_PROJECT_VERSION = 1;
				GENERATE_INFOPLIST_FILE = YES;
				INFOPLIST_KEY_NSHumanReadableCopyright = "";
				INFOPLIST_KEY_NSMainStoryboardFile = Main;
				INFOPLIST_KEY_NSPrincipalClass = NSApplication;
				LD_RUNPATH_SEARCH_PATHS = (
					"$(inherited)",
					"@executable_path/../Frameworks",
				);
				MACOSX_DEPLOYMENT_TARGET = 11.7;
				MARKETING_VERSION = 1.0;
				PRODUCT_BUNDLE_IDENTIFIER = vidal.Capi;
				PRODUCT_NAME = Capi;
				SDKROOT = macosx;
				SWIFT_EMIT_LOC_STRINGS = YES;
				SWIFT_VERSION = 5.0;
			};
			name = Release;
		};
/* End XCBuildConfiguration section */

/* Begin XCConfigurationList section */
		2C6CF7452DE4B65200771D67 /* Build configuration list for PBXProject "Capi" */ = {
			isa = XCConfigurationList;
			buildConfigurations = (
				2C6CF7A12DE4B65800771D67 /* Debug */,
				2C6CF7A22DE4B65800771D67 /* Release */,
			);
			defaultConfigurationIsVisible = 0;
			defaultConfigurationName = Release;
		};
		2C6CF7AB2DE4B65800771D67 /* Build configuration list for PBXNativeTarget "Capi iOS" */ = {
			isa = XCConfigurationList;
			buildConfigurations = (
				2C6CF7AC2DE4B65800771D67 /* Debug */,
				2C6CF7AD2DE4B65800771D67 /* Release */,
			);
			defaultConfigurationIsVisible = 0;
			defaultConfigurationName = Release;
		};
		2C6CF7B12DE4B65800771D67 /* Build configuration list for PBXNativeTarget "Capi macOS" */ = {
			isa = XCConfigurationList;
			buildConfigurations = (
				2C6CF7B22DE4B65800771D67 /* Debug */,
				2C6CF7B32DE4B65800771D67 /* Release */,
			);
			defaultConfigurationIsVisible = 0;
			defaultConfigurationName = Release;
		};
/* End XCConfigurationList section */
	};
	rootObject = 2C6CF7422DE4B65200771D67 /* Project object */;
}
